
Microsoft Visual Studio Solution File, Format Version 12.00
# Visual Studio Version 16
VisualStudioVersion = 16.0.29519.181
MinimumVisualStudioVersion = 10.0.40219.1
Project("{9A19103F-16F7-4668-BE54-9A1E7A4F7556}") = "iChat.UnitTests", "iChat.UnitTests\iChat.UnitTests.csproj", "{DDADC48E-0409-4030-82BC-3900CA52416C}"
EndProject
Project("{9A19103F-16F7-4668-BE54-9A1E7A4F7556}") = "iChat.Api", "iChat.Api\iChat.Api.csproj", "{0E6F8E63-B16B-4AFC-BD67-826399F4BB2E}"
EndProject
Global
	GlobalSection(SolutionConfigurationPlatforms) = preSolution
		Debug|Any CPU = Debug|Any CPU
		Release|Any CPU = Release|Any CPU
	EndGlobalSection
	GlobalSection(ProjectConfigurationPlatforms) = postSolution
		{DDADC48E-0409-4030-82BC-3900CA52416C}.Debug|Any CPU.ActiveCfg = Debug|Any CPU
		{DDADC48E-0409-4030-82BC-3900CA52416C}.Debug|Any CPU.Build.0 = Debug|Any CPU
		{DDADC48E-0409-4030-82BC-3900CA52416C}.Release|Any CPU.ActiveCfg = Release|Any CPU
		{DDADC48E-0409-4030-82BC-3900CA52416C}.Release|Any CPU.Build.0 = Release|Any CPU
		{0E6F8E63-B16B-4AFC-BD67-826399F4BB2E}.Debug|Any CPU.ActiveCfg = Debug|Any CPU
		{0E6F8E63-B16B-4AFC-BD67-826399F4BB2E}.Debug|Any CPU.Build.0 = Debug|Any CPU
		{0E6F8E63-B16B-4AFC-BD67-826399F4BB2E}.Release|Any CPU.ActiveCfg = Release|Any CPU
		{0E6F8E63-B16B-4AFC-BD67-826399F4BB2E}.Release|Any CPU.Build.0 = Release|Any CPU
	EndGlobalSection
	GlobalSection(SolutionProperties) = preSolution
		HideSolutionNode = FALSE
	EndGlobalSection
	GlobalSection(ExtensibilityGlobals) = postSolution
		SolutionGuid = {AC05C2FF-7E05-4944-9695-EF0EE4A2E819}
	EndGlobalSection
EndGlobal
