{
  "requires": true,
  "lockfileVersion": 1,
  "dependencies": {
    "awesomplete": {
      "version": "1.1.4",
      "resolved": "https://registry.npmjs.org/awesomplete/-/awesomplete-1.1.4.tgz",
      "integrity": "sha512-AgYrODNlVD3ZJ6Em54YesLnOSusuVCjoRAt0l5bi3L1Oiv5r5dkPdxVPJaG3/wnPlxRUmGcpGnK02VK7N02kCg=="
    }
  }
}
